
Microsoft Visual Studio Solution File, Format Version 12.00
# Visual Studio 15
VisualStudioVersion = 15.0.28307.329
MinimumVisualStudioVersion = 10.0.40219.1
Project("{FAE04EC0-301F-11D3-BF4B-00C04F79EFBC}") = "WpfApp1", "WpfApp1\WpfApp1.csproj", "{06949F72-F66D-4A5D-8A87-50ED16D407B6}"
EndProject
Global
	GlobalSection(SolutionConfigurationPlatforms) = preSolution
		Debug|Any CPU = Debug|Any CPU
		Release|Any CPU = Release|Any CPU
	EndGlobalSection
	GlobalSection(ProjectConfigurationPlatforms) = postSolution
		{06949F72-F66D-4A5D-8A87-50ED16D407B6}.Debug|Any CPU.ActiveCfg = Debug|Any CPU
		{06949F72-F66D-4A5D-8A87-50ED16D407B6}.Debug|Any CPU.Build.0 = Debug|Any CPU
		{06949F72-F66D-4A5D-8A87-50ED16D407B6}.Release|Any CPU.ActiveCfg = Release|Any CPU
		{06949F72-F66D-4A5D-8A87-50ED16D407B6}.Release|Any CPU.Build.0 = Release|Any CPU
	EndGlobalSection
	GlobalSection(SolutionProperties) = preSolution
		HideSolutionNode = FALSE
	EndGlobalSection
	GlobalSection(ExtensibilityGlobals) = postSolution
		SolutionGuid = {FC868908-4D9F-457F-94FA-7EC812C71A25}
	EndGlobalSection
EndGlobal
