
Microsoft Visual Studio Solution File, Format Version 12.00
# Visual Studio 15
VisualStudioVersion = 15.0.28307.329
MinimumVisualStudioVersion = 10.0.40219.1
Project("{FAE04EC0-301F-11D3-BF4B-00C04F79EFBC}") = "WpfApp1", "WpfApp1\WpfApp1.csproj", "{1F4C79A2-09D9-4898-87A2-CA915028FA58}"
EndProject
Global
	GlobalSection(SolutionConfigurationPlatforms) = preSolution
		Debug|Any CPU = Debug|Any CPU
		Release|Any CPU = Release|Any CPU
	EndGlobalSection
	GlobalSection(ProjectConfigurationPlatforms) = postSolution
		{1F4C79A2-09D9-4898-87A2-CA915028FA58}.Debug|Any CPU.ActiveCfg = Debug|Any CPU
		{1F4C79A2-09D9-4898-87A2-CA915028FA58}.Debug|Any CPU.Build.0 = Debug|Any CPU
		{1F4C79A2-09D9-4898-87A2-CA915028FA58}.Release|Any CPU.ActiveCfg = Release|Any CPU
		{1F4C79A2-09D9-4898-87A2-CA915028FA58}.Release|Any CPU.Build.0 = Release|Any CPU
	EndGlobalSection
	GlobalSection(SolutionProperties) = preSolution
		HideSolutionNode = FALSE
	EndGlobalSection
	GlobalSection(ExtensibilityGlobals) = postSolution
		SolutionGuid = {6A34AFE1-120E-4D88-9919-C810D273E860}
	EndGlobalSection
EndGlobal
